
Microsoft Visual Studio Solution File, Format Version 12.00
# Visual Studio 15
VisualStudioVersion = 15.0.28307.421
MinimumVisualStudioVersion = 10.0.40219.1
Project("{FAE04EC0-301F-11D3-BF4B-00C04F79EFBC}") = "Our.Umbraco.StyledEditors", "Our.Umbraco.StyledEditors\Our.Umbraco.StyledEditors.csproj", "{F3D51C7C-BE38-4362-AE7F-C71D2A11C1FC}"
EndProject
Project("{FAE04EC0-301F-11D3-BF4B-00C04F79EFBC}") = "StyledEditors.Site", "StyledEditors.Site\StyledEditors.Site.csproj", "{35A5C1C5-1829-4363-8810-F981184BADFB}"
EndProject
Project("{2150E333-8FDC-42A3-9474-1A3956D46DE8}") = "Solution Files", "Solution Files", "{0219805D-BDAD-4799-948F-AA5B0543CEE4}"
	ProjectSection(SolutionItems) = preProject
		gulp.config.json = gulp.config.json
		gulpfile.js = gulpfile.js
		readme.txt = readme.txt
	EndProjectSection
EndProject
Global
	GlobalSection(SolutionConfigurationPlatforms) = preSolution
		Debug|Any CPU = Debug|Any CPU
		Release|Any CPU = Release|Any CPU
	EndGlobalSection
	GlobalSection(ProjectConfigurationPlatforms) = postSolution
		{F3D51C7C-BE38-4362-AE7F-C71D2A11C1FC}.Debug|Any CPU.ActiveCfg = Debug|Any CPU
		{F3D51C7C-BE38-4362-AE7F-C71D2A11C1FC}.Debug|Any CPU.Build.0 = Debug|Any CPU
		{F3D51C7C-BE38-4362-AE7F-C71D2A11C1FC}.Release|Any CPU.ActiveCfg = Release|Any CPU
		{F3D51C7C-BE38-4362-AE7F-C71D2A11C1FC}.Release|Any CPU.Build.0 = Release|Any CPU
		{35A5C1C5-1829-4363-8810-F981184BADFB}.Debug|Any CPU.ActiveCfg = Debug|Any CPU
		{35A5C1C5-1829-4363-8810-F981184BADFB}.Debug|Any CPU.Build.0 = Debug|Any CPU
		{35A5C1C5-1829-4363-8810-F981184BADFB}.Release|Any CPU.ActiveCfg = Release|Any CPU
		{35A5C1C5-1829-4363-8810-F981184BADFB}.Release|Any CPU.Build.0 = Release|Any CPU
	EndGlobalSection
	GlobalSection(SolutionProperties) = preSolution
		HideSolutionNode = FALSE
	EndGlobalSection
	GlobalSection(ExtensibilityGlobals) = postSolution
		SolutionGuid = {3FD4CC01-DE06-4BE5-907C-655E361A30B8}
	EndGlobalSection
EndGlobal
